// !$*UTF8*$!
{
	archiveVersion = 1;
	classes = {
	};
	objectVersion = 56;
	objects = {

/* Begin PBXBuildFile section */
		DDE2665D2B89665300423E3D /* Fetch_IOSApp.swift in Sources */ = {isa = PBXBuildFile; fileRef = DDE2665C2B89665300423E3D /* Fetch_IOSApp.swift */; };
		DDE2665F2B89665300423E3D /* ContentView.swift in Sources */ = {isa = PBXBuildFile; fileRef = DDE2665E2B89665300423E3D /* ContentView.swift */; };
		DDE266612B89665400423E3D /* Assets.xcassets in Resources */ = {isa = PBXBuildFile; fileRef = DDE266602B89665400423E3D /* Assets.xcassets */; };
		DDE266652B89665400423E3D /* Preview Assets.xcassets in Resources */ = {isa = PBXBuildFile; fileRef = DDE266642B89665400423E3D /* Preview Assets.xcassets */; };
		DDE2666F2B89665400423E3D /* Fetch_IOSTests.swift in Sources */ = {isa = PBXBuildFile; fileRef = DDE2666E2B89665400423E3D /* Fetch_IOSTests.swift */; };
		DDE266792B89665400423E3D /* Fetch_IOSUITests.swift in Sources */ = {isa = PBXBuildFile; fileRef = DDE266782B89665400423E3D /* Fetch_IOSUITests.swift */; };
		DDE2667B2B89665400423E3D /* Fetch_IOSUITestsLaunchTests.swift in Sources */ = {isa = PBXBuildFile; fileRef = DDE2667A2B89665400423E3D /* Fetch_IOSUITestsLaunchTests.swift */; };
		DDE266892B896CED00423E3D /* AsyncAlgorithms in Frameworks */ = {isa = PBXBuildFile; productRef = DDE266882B896CED00423E3D /* AsyncAlgorithms */; };
/* End PBXBuildFile section */

/* Begin PBXContainerItemProxy section */
		DDE2666B2B89665400423E3D /* PBXContainerItemProxy */ = {
			isa = PBXContainerItemProxy;
			containerPortal = DDE266512B89665300423E3D /* Project object */;
			proxyType = 1;
			remoteGlobalIDString = DDE266582B89665300423E3D;
			remoteInfo = Fetch_IOS;
		};
		DDE266752B89665400423E3D /* PBXContainerItemProxy */ = {
			isa = PBXContainerItemProxy;
			containerPortal = DDE266512B89665300423E3D /* Project object */;
			proxyType = 1;
			remoteGlobalIDString = DDE266582B89665300423E3D;
			remoteInfo = Fetch_IOS;
		};
/* End PBXContainerItemProxy section */

/* Begin PBXFileReference section */
		DDE266592B89665300423E3D /* Fetch_IOS.app */ = {isa = PBXFileReference; explicitFileType = wrapper.application; includeInIndex = 0; path = Fetch_IOS.app; sourceTree = BUILT_PRODUCTS_DIR; };
		DDE2665C2B89665300423E3D /* Fetch_IOSApp.swift */ = {isa = PBXFileReference; lastKnownFileType = sourcecode.swift; path = Fetch_IOSApp.swift; sourceTree = "<group>"; };
		DDE2665E2B89665300423E3D /* ContentView.swift */ = {isa = PBXFileReference; lastKnownFileType = sourcecode.swift; path = ContentView.swift; sourceTree = "<group>"; };
		DDE266602B89665400423E3D /* Assets.xcassets */ = {isa = PBXFileReference; lastKnownFileType = folder.assetcatalog; path = Assets.xcassets; sourceTree = "<group>"; };
		DDE266622B89665400423E3D /* Fetch_IOS.entitlements */ = {isa = PBXFileReference; lastKnownFileType = text.plist.entitlements; path = Fetch_IOS.entitlements; sourceTree = "<group>"; };
		DDE266642B89665400423E3D /* Preview Assets.xcassets */ = {isa = PBXFileReference; lastKnownFileType = folder.assetcatalog; path = "Preview Assets.xcassets"; sourceTree = "<group>"; };
		DDE2666A2B89665400423E3D /* Fetch_IOSTests.xctest */ = {isa = PBXFileReference; explicitFileType = wrapper.cfbundle; includeInIndex = 0; path = Fetch_IOSTests.xctest; sourceTree = BUILT_PRODUCTS_DIR; };
		DDE2666E2B89665400423E3D /* Fetch_IOSTests.swift */ = {isa = PBXFileReference; lastKnownFileType = sourcecode.swift; path = Fetch_IOSTests.swift; sourceTree = "<group>"; };
		DDE266742B89665400423E3D /* Fetch_IOSUITests.xctest */ = {isa = PBXFileReference; explicitFileType = wrapper.cfbundle; includeInIndex = 0; path = Fetch_IOSUITests.xctest; sourceTree = BUILT_PRODUCTS_DIR; };
		DDE266782B89665400423E3D /* Fetch_IOSUITests.swift */ = {isa = PBXFileReference; lastKnownFileType = sourcecode.swift; path = Fetch_IOSUITests.swift; sourceTree = "<group>"; };
		DDE2667A2B89665400423E3D /* Fetch_IOSUITestsLaunchTests.swift */ = {isa = PBXFileReference; lastKnownFileType = sourcecode.swift; path = Fetch_IOSUITestsLaunchTests.swift; sourceTree = "<group>"; };
/* End PBXFileReference section */

/* Begin PBXFrameworksBuildPhase section */
		DDE266562B89665300423E3D /* Frameworks */ = {
			isa = PBXFrameworksBuildPhase;
			buildActionMask = 2147483647;
			files = (
				DDE266892B896CED00423E3D /* AsyncAlgorithms in Frameworks */,
			);
			runOnlyForDeploymentPostprocessing = 0;
		};
		DDE266672B89665400423E3D /* Frameworks */ = {
			isa = PBXFrameworksBuildPhase;
			buildActionMask = 2147483647;
			files = (
			);
			runOnlyForDeploymentPostprocessing = 0;
		};
		DDE266712B89665400423E3D /* Frameworks */ = {
			isa = PBXFrameworksBuildPhase;
			buildActionMask = 2147483647;
			files = (
			);
			runOnlyForDeploymentPostprocessing = 0;
		};
/* End PBXFrameworksBuildPhase section */

/* Begin PBXGroup section */
		DDE266502B89665300423E3D = {
			isa = PBXGroup;
			children = (
				DDE2665B2B89665300423E3D /* Fetch_IOS */,
				DDE2666D2B89665400423E3D /* Fetch_IOSTests */,
				DDE266772B89665400423E3D /* Fetch_IOSUITests */,
				DDE2665A2B89665300423E3D /* Products */,
			);
			sourceTree = "<group>";
		};
		DDE2665A2B89665300423E3D /* Products */ = {
			isa = PBXGroup;
			children = (
				DDE266592B89665300423E3D /* Fetch_IOS.app */,
				DDE2666A2B89665400423E3D /* Fetch_IOSTests.xctest */,
				DDE266742B89665400423E3D /* Fetch_IOSUITests.xctest */,
			);
			name = Products;
			sourceTree = "<group>";
		};
		DDE2665B2B89665300423E3D /* Fetch_IOS */ = {
			isa = PBXGroup;
			children = (
				DDE2665C2B89665300423E3D /* Fetch_IOSApp.swift */,
				DDE2665E2B89665300423E3D /* ContentView.swift */,
				DDE266602B89665400423E3D /* Assets.xcassets */,
				DDE266622B89665400423E3D /* Fetch_IOS.entitlements */,
				DDE266632B89665400423E3D /* Preview Content */,
			);
			path = Fetch_IOS;
			sourceTree = "<group>";
		};
		DDE266632B89665400423E3D /* Preview Content */ = {
			isa = PBXGroup;
			children = (
				DDE266642B89665400423E3D /* Preview Assets.xcassets */,
			);
			path = "Preview Content";
			sourceTree = "<group>";
		};
		DDE2666D2B89665400423E3D /* Fetch_IOSTests */ = {
			isa = PBXGroup;
			children = (
				DDE2666E2B89665400423E3D /* Fetch_IOSTests.swift */,
			);
			path = Fetch_IOSTests;
			sourceTree = "<group>";
		};
		DDE266772B89665400423E3D /* Fetch_IOSUITests */ = {
			isa = PBXGroup;
			children = (
				DDE266782B89665400423E3D /* Fetch_IOSUITests.swift */,
				DDE2667A2B89665400423E3D /* Fetch_IOSUITestsLaunchTests.swift */,
			);
			path = Fetch_IOSUITests;
			sourceTree = "<group>";
		};
/* End PBXGroup section */

/* Begin PBXNativeTarget section */
		DDE266582B89665300423E3D /* Fetch_IOS */ = {
			isa = PBXNativeTarget;
			buildConfigurationList = DDE2667E2B89665400423E3D /* Build configuration list for PBXNativeTarget "Fetch_IOS" */;
			buildPhases = (
				DDE266552B89665300423E3D /* Sources */,
				DDE266562B89665300423E3D /* Frameworks */,
				DDE266572B89665300423E3D /* Resources */,
			);
			buildRules = (
			);
			dependencies = (
			);
			name = Fetch_IOS;
			packageProductDependencies = (
				DDE266882B896CED00423E3D /* AsyncAlgorithms */,
			);
			productName = Fetch_IOS;
			productReference = DDE266592B89665300423E3D /* Fetch_IOS.app */;
			productType = "com.apple.product-type.application";
		};
		DDE266692B89665400423E3D /* Fetch_IOSTests */ = {
			isa = PBXNativeTarget;
			buildConfigurationList = DDE266812B89665400423E3D /* Build configuration list for PBXNativeTarget "Fetch_IOSTests" */;
			buildPhases = (
				DDE266662B89665400423E3D /* Sources */,
				DDE266672B89665400423E3D /* Frameworks */,
				DDE266682B89665400423E3D /* Resources */,
			);
			buildRules = (
			);
			dependencies = (
				DDE2666C2B89665400423E3D /* PBXTargetDependency */,
			);
			name = Fetch_IOSTests;
			productName = Fetch_IOSTests;
			productReference = DDE2666A2B89665400423E3D /* Fetch_IOSTests.xctest */;
			productType = "com.apple.product-type.bundle.unit-test";
		};
		DDE266732B89665400423E3D /* Fetch_IOSUITests */ = {
			isa = PBXNativeTarget;
			buildConfigurationList = DDE266842B89665400423E3D /* Build configuration list for PBXNativeTarget "Fetch_IOSUITests" */;
			buildPhases = (
				DDE266702B89665400423E3D /* Sources */,
				DDE266712B89665400423E3D /* Frameworks */,
				DDE266722B89665400423E3D /* Resources */,
			);
			buildRules = (
			);
			dependencies = (
				DDE266762B89665400423E3D /* PBXTargetDependency */,
			);
			name = Fetch_IOSUITests;
			productName = Fetch_IOSUITests;
			productReference = DDE266742B89665400423E3D /* Fetch_IOSUITests.xctest */;
			productType = "com.apple.product-type.bundle.ui-testing";
		};
/* End PBXNativeTarget section */

/* Begin PBXProject section */
		DDE266512B89665300423E3D /* Project object */ = {
			isa = PBXProject;
			attributes = {
				BuildIndependentTargetsInParallel = 1;
				LastSwiftUpdateCheck = 1520;
				LastUpgradeCheck = 1520;
				TargetAttributes = {
					DDE266582B89665300423E3D = {
						CreatedOnToolsVersion = 15.2;
					};
					DDE266692B89665400423E3D = {
						CreatedOnToolsVersion = 15.2;
						TestTargetID = DDE266582B89665300423E3D;
					};
					DDE266732B89665400423E3D = {
						CreatedOnToolsVersion = 15.2;
						TestTargetID = DDE266582B89665300423E3D;
					};
				};
			};
			buildConfigurationList = DDE266542B89665300423E3D /* Build configuration list for PBXProject "Fetch_IOS" */;
			compatibilityVersion = "Xcode 14.0";
			developmentRegion = en;
			hasScannedForEncodings = 0;
			knownRegions = (
				en,
				Base,
			);
			mainGroup = DDE266502B89665300423E3D;
			packageReferences = (
				DDE266872B896CED00423E3D /* XCRemoteSwiftPackageReference "swift-async-algorithms" */,
			);
			productRefGroup = DDE2665A2B89665300423E3D /* Products */;
			projectDirPath = "";
			projectRoot = "";
			targets = (
				DDE266582B89665300423E3D /* Fetch_IOS */,
				DDE266692B89665400423E3D /* Fetch_IOSTests */,
				DDE266732B89665400423E3D /* Fetch_IOSUITests */,
			);
		};
/* End PBXProject section */

/* Begin PBXResourcesBuildPhase section */
		DDE266572B89665300423E3D /* Resources */ = {
			isa = PBXResourcesBuildPhase;
			buildActionMask = 2147483647;
			files = (
				DDE266652B89665400423E3D /* Preview Assets.xcassets in Resources */,
				DDE266612B89665400423E3D /* Assets.xcassets in Resources */,
			);
			runOnlyForDeploymentPostprocessing = 0;
		};
		DDE266682B89665400423E3D /* Resources */ = {
			isa = PBXResourcesBuildPhase;
			buildActionMask = 2147483647;
			files = (
			);
			runOnlyForDeploymentPostprocessing = 0;
		};
		DDE266722B89665400423E3D /* Resources */ = {
			isa = PBXResourcesBuildPhase;
			buildActionMask = 2147483647;
			files = (
			);
			runOnlyForDeploymentPostprocessing = 0;
		};
/* End PBXResourcesBuildPhase section */

/* Begin PBXSourcesBuildPhase section */
		DDE266552B89665300423E3D /* Sources */ = {
			isa = PBXSourcesBuildPhase;
			buildActionMask = 2147483647;
			files = (
				DDE2665F2B89665300423E3D /* ContentView.swift in Sources */,
				DDE2665D2B89665300423E3D /* Fetch_IOSApp.swift in Sources */,
			);
			runOnlyForDeploymentPostprocessing = 0;
		};
		DDE266662B89665400423E3D /* Sources */ = {
			isa = PBXSourcesBuildPhase;
			buildActionMask = 2147483647;
			files = (
				DDE2666F2B89665400423E3D /* Fetch_IOSTests.swift in Sources */,
			);
			runOnlyForDeploymentPostprocessing = 0;
		};
		DDE266702B89665400423E3D /* Sources */ = {
			isa = PBXSourcesBuildPhase;
			buildActionMask = 2147483647;
			files = (
				DDE266792B89665400423E3D /* Fetch_IOSUITests.swift in Sources */,
				DDE2667B2B89665400423E3D /* Fetch_IOSUITestsLaunchTests.swift in Sources */,
			);
			runOnlyForDeploymentPostprocessing = 0;
		};
/* End PBXSourcesBuildPhase section */

/* Begin PBXTargetDependency section */
		DDE2666C2B89665400423E3D /* PBXTargetDependency */ = {
			isa = PBXTargetDependency;
			target = DDE266582B89665300423E3D /* Fetch_IOS */;
			targetProxy = DDE2666B2B89665400423E3D /* PBXContainerItemProxy */;
		};
		DDE266762B89665400423E3D /* PBXTargetDependency */ = {
			isa = PBXTargetDependency;
			target = DDE266582B89665300423E3D /* Fetch_IOS */;
			targetProxy = DDE266752B89665400423E3D /* PBXContainerItemProxy */;
		};
/* End PBXTargetDependency section */

/* Begin XCBuildConfiguration section */
		DDE2667C2B89665400423E3D /* Debug */ = {
			isa = XCBuildConfiguration;
			buildSettings = {
				ALWAYS_SEARCH_USER_PATHS = NO;
				ASSETCATALOG_COMPILER_GENERATE_SWIFT_ASSET_SYMBOL_EXTENSIONS = YES;
				CLANG_ANALYZER_NONNULL = YES;
				CLANG_ANALYZER_NUMBER_OBJECT_CONVERSION = YES_AGGRESSIVE;
				CLANG_CXX_LANGUAGE_STANDARD = "gnu++20";
				CLANG_ENABLE_MODULES = YES;
				CLANG_ENABLE_OBJC_ARC = YES;
				CLANG_ENABLE_OBJC_WEAK = YES;
				CLANG_WARN_BLOCK_CAPTURE_AUTORELEASING = YES;
				CLANG_WARN_BOOL_CONVERSION = YES;
				CLANG_WARN_COMMA = YES;
				CLANG_WARN_CONSTANT_CONVERSION = YES;
				CLANG_WARN_DEPRECATED_OBJC_IMPLEMENTATIONS = YES;
				CLANG_WARN_DIRECT_OBJC_ISA_USAGE = YES_ERROR;
				CLANG_WARN_DOCUMENTATION_COMMENTS = YES;
				CLANG_WARN_EMPTY_BODY = YES;
				CLANG_WARN_ENUM_CONVERSION = YES;
				CLANG_WARN_INFINITE_RECURSION = YES;
				CLANG_WARN_INT_CONVERSION = YES;
				CLANG_WARN_NON_LITERAL_NULL_CONVERSION = YES;
				CLANG_WARN_OBJC_IMPLICIT_RETAIN_SELF = YES;
				CLANG_WARN_OBJC_LITERAL_CONVERSION = YES;
				CLANG_WARN_OBJC_ROOT_CLASS = YES_ERROR;
				CLANG_WARN_QUOTED_INCLUDE_IN_FRAMEWORK_HEADER = YES;
				CLANG_WARN_RANGE_LOOP_ANALYSIS = YES;
				CLANG_WARN_STRICT_PROTOTYPES = YES;
				CLANG_WARN_SUSPICIOUS_MOVE = YES;
				CLANG_WARN_UNGUARDED_AVAILABILITY = YES_AGGRESSIVE;
				CLANG_WARN_UNREACHABLE_CODE = YES;
				CLANG_WARN__DUPLICATE_METHOD_MATCH = YES;
				COPY_PHASE_STRIP = NO;
				DEBUG_INFORMATION_FORMAT = dwarf;
				ENABLE_STRICT_OBJC_MSGSEND = YES;
				ENABLE_TESTABILITY = YES;
				ENABLE_USER_SCRIPT_SANDBOXING = YES;
				GCC_C_LANGUAGE_STANDARD = gnu17;
				GCC_DYNAMIC_NO_PIC = NO;
				GCC_NO_COMMON_BLOCKS = YES;
				GCC_OPTIMIZATION_LEVEL = 0;
				GCC_PREPROCESSOR_DEFINITIONS = (
					"DEBUG=1",
					"$(inherited)",
				);
				GCC_WARN_64_TO_32_BIT_CONVERSION = YES;
				GCC_WARN_ABOUT_RETURN_TYPE = YES_ERROR;
				GCC_WARN_UNDECLARED_SELECTOR = YES;
				GCC_WARN_UNINITIALIZED_AUTOS = YES_AGGRESSIVE;
				GCC_WARN_UNUSED_FUNCTION = YES;
				GCC_WARN_UNUSED_VARIABLE = YES;
				LOCALIZATION_PREFERS_STRING_CATALOGS = YES;
				MTL_ENABLE_DEBUG_INFO = INCLUDE_SOURCE;
				MTL_FAST_MATH = YES;
				ONLY_ACTIVE_ARCH = YES;
				SWIFT_ACTIVE_COMPILATION_CONDITIONS = "DEBUG $(inherited)";
				SWIFT_OPTIMIZATION_LEVEL = "-Onone";
			};
			name = Debug;
		};
		DDE2667D2B89665400423E3D /* Release */ = {
			isa = XCBuildConfiguration;
			buildSettings = {
				ALWAYS_SEARCH_USER_PATHS = NO;
				ASSETCATALOG_COMPILER_GENERATE_SWIFT_ASSET_SYMBOL_EXTENSIONS = YES;
				CLANG_ANALYZER_NONNULL = YES;
				CLANG_ANALYZER_NUMBER_OBJECT_CONVERSION = YES_AGGRESSIVE;
				CLANG_CXX_LANGUAGE_STANDARD = "gnu++20";
				CLANG_ENABLE_MODULES = YES;
				CLANG_ENABLE_OBJC_ARC = YES;
				CLANG_ENABLE_OBJC_WEAK = YES;
				CLANG_WARN_BLOCK_CAPTURE_AUTORELEASING = YES;
				CLANG_WARN_BOOL_CONVERSION = YES;
				CLANG_WARN_COMMA = YES;
				CLANG_WARN_CONSTANT_CONVERSION = YES;
				CLANG_WARN_DEPRECATED_OBJC_IMPLEMENTATIONS = YES;
				CLANG_WARN_DIRECT_OBJC_ISA_USAGE = YES_ERROR;
				CLANG_WARN_DOCUMENTATION_COMMENTS = YES;
				CLANG_WARN_EMPTY_BODY = YES;
				CLANG_WARN_ENUM_CONVERSION = YES;
				CLANG_WARN_INFINITE_RECURSION = YES;
				CLANG_WARN_INT_CONVERSION = YES;
				CLANG_WARN_NON_LITERAL_NULL_CONVERSION = YES;
				CLANG_WARN_OBJC_IMPLICIT_RETAIN_SELF = YES;
				CLANG_WARN_OBJC_LITERAL_CONVERSION = YES;
				CLANG_WARN_OBJC_ROOT_CLASS = YES_ERROR;
				CLANG_WARN_QUOTED_INCLUDE_IN_FRAMEWORK_HEADER = YES;
				CLANG_WARN_RANGE_LOOP_ANALYSIS = YES;
				CLANG_WARN_STRICT_PROTOTYPES = YES;
				CLANG_WARN_SUSPICIOUS_MOVE = YES;
				CLANG_WARN_UNGUARDED_AVAILABILITY = YES_AGGRESSIVE;
				CLANG_WARN_UNREACHABLE_CODE = YES;
				CLANG_WARN__DUPLICATE_METHOD_MATCH = YES;
				COPY_PHASE_STRIP = NO;
				DEBUG_INFORMATION_FORMAT = "dwarf-with-dsym";
				ENABLE_NS_ASSERTIONS = NO;
				ENABLE_STRICT_OBJC_MSGSEND = YES;
				ENABLE_USER_SCRIPT_SANDBOXING = YES;
				GCC_C_LANGUAGE_STANDARD = gnu17;
				GCC_NO_COMMON_BLOCKS = YES;
				GCC_WARN_64_TO_32_BIT_CONVERSION = YES;
				GCC_WARN_ABOUT_RETURN_TYPE = YES_ERROR;
				GCC_WARN_UNDECLARED_SELECTOR = YES;
				GCC_WARN_UNINITIALIZED_AUTOS = YES_AGGRESSIVE;
				GCC_WARN_UNUSED_FUNCTION = YES;
				GCC_WARN_UNUSED_VARIABLE = YES;
				LOCALIZATION_PREFERS_STRING_CATALOGS = YES;
				MTL_ENABLE_DEBUG_INFO = NO;
				MTL_FAST_MATH = YES;
				SWIFT_COMPILATION_MODE = wholemodule;
			};
			name = Release;
		};
		DDE2667F2B89665400423E3D /* Debug */ = {
			isa = XCBuildConfiguration;
			buildSettings = {
				ASSETCATALOG_COMPILER_APPICON_NAME = AppIcon;
				ASSETCATALOG_COMPILER_GLOBAL_ACCENT_COLOR_NAME = AccentColor;
				CODE_SIGN_ENTITLEMENTS = Fetch_IOS/Fetch_IOS.entitlements;
				CODE_SIGN_STYLE = Automatic;
				CURRENT_PROJECT_VERSION = 1;
				DEVELOPMENT_ASSET_PATHS = "\"Fetch_IOS/Preview Content\"";
				DEVELOPMENT_TEAM = U26YFWH323;
				ENABLE_HARDENED_RUNTIME = YES;
				ENABLE_PREVIEWS = YES;
				GENERATE_INFOPLIST_FILE = YES;
				"INFOPLIST_KEY_UIApplicationSceneManifest_Generation[sdk=iphoneos*]" = YES;
				"INFOPLIST_KEY_UIApplicationSceneManifest_Generation[sdk=iphonesimulator*]" = YES;
				"INFOPLIST_KEY_UIApplicationSupportsIndirectInputEvents[sdk=iphoneos*]" = YES;
				"INFOPLIST_KEY_UIApplicationSupportsIndirectInputEvents[sdk=iphonesimulator*]" = YES;
				"INFOPLIST_KEY_UILaunchScreen_Generation[sdk=iphoneos*]" = YES;
				"INFOPLIST_KEY_UILaunchScreen_Generation[sdk=iphonesimulator*]" = YES;
				"INFOPLIST_KEY_UIStatusBarStyle[sdk=iphoneos*]" = UIStatusBarStyleDefault;
				"INFOPLIST_KEY_UIStatusBarStyle[sdk=iphonesimulator*]" = UIStatusBarStyleDefault;
				INFOPLIST_KEY_UISupportedInterfaceOrientations_iPad = "UIInterfaceOrientationPortrait UIInterfaceOrientationPortraitUpsideDown UIInterfaceOrientationLandscapeLeft UIInterfaceOrientationLandscapeRight";
				INFOPLIST_KEY_UISupportedInterfaceOrientations_iPhone = "UIInterfaceOrientationPortrait UIInterfaceOrientationLandscapeLeft UIInterfaceOrientationLandscapeRight";
				IPHONEOS_DEPLOYMENT_TARGET = 17.2;
				LD_RUNPATH_SEARCH_PATHS = "@executable_path/Frameworks";
				"LD_RUNPATH_SEARCH_PATHS[sdk=macosx*]" = "@executable_path/../Frameworks";
				MACOSX_DEPLOYMENT_TARGET = 14.1;
				MARKETING_VERSION = 1.0;
				PRODUCT_BUNDLE_IDENTIFIER = "challenge.Fetch-IOS";
				PRODUCT_NAME = "$(TARGET_NAME)";
				SDKROOT = auto;
				SUPPORTED_PLATFORMS = "iphoneos iphonesimulator macosx";
				SWIFT_EMIT_LOC_STRINGS = YES;
				SWIFT_VERSION = 5.0;
				TARGETED_DEVICE_FAMILY = "1,2";
			};
			name = Debug;
		};
		DDE266802B89665400423E3D /* Release */ = {
			isa = XCBuildConfiguration;
			buildSettings = {
				ASSETCATALOG_COMPILER_APPICON_NAME = AppIcon;
				ASSETCATALOG_COMPILER_GLOBAL_ACCENT_COLOR_NAME = AccentColor;
				CODE_SIGN_ENTITLEMENTS = Fetch_IOS/Fetch_IOS.entitlements;
				CODE_SIGN_STYLE = Automatic;
				CURRENT_PROJECT_VERSION = 1;
				DEVELOPMENT_ASSET_PATHS = "\"Fetch_IOS/Preview Content\"";
				DEVELOPMENT_TEAM = U26YFWH323;
				ENABLE_HARDENED_RUNTIME = YES;
				ENABLE_PREVIEWS = YES;
				GENERATE_INFOPLIST_FILE = YES;
				"INFOPLIST_KEY_UIApplicationSceneManifest_Generation[sdk=iphoneos*]" = YES;
				"INFOPLIST_KEY_UIApplicationSceneManifest_Generation[sdk=iphonesimulator*]" = YES;
				"INFOPLIST_KEY_UIApplicationSupportsIndirectInputEvents[sdk=iphoneos*]" = YES;
				"INFOPLIST_KEY_UIApplicationSupportsIndirectInputEvents[sdk=iphonesimulator*]" = YES;
				"INFOPLIST_KEY_UILaunchScreen_Generation[sdk=iphoneos*]" = YES;
				"INFOPLIST_KEY_UILaunchScreen_Generation[sdk=iphonesimulator*]" = YES;
				"INFOPLIST_KEY_UIStatusBarStyle[sdk=iphoneos*]" = UIStatusBarStyleDefault;
				"INFOPLIST_KEY_UIStatusBarStyle[sdk=iphonesimulator*]" = UIStatusBarStyleDefault;
				INFOPLIST_KEY_UISupportedInterfaceOrientations_iPad = "UIInterfaceOrientationPortrait UIInterfaceOrientationPortraitUpsideDown UIInterfaceOrientationLandscapeLeft UIInterfaceOrientationLandscapeRight";
				INFOPLIST_KEY_UISupportedInterfaceOrientations_iPhone = "UIInterfaceOrientationPortrait UIInterfaceOrientationLandscapeLeft UIInterfaceOrientationLandscapeRight";
				IPHONEOS_DEPLOYMENT_TARGET = 17.2;
				LD_RUNPATH_SEARCH_PATHS = "@executable_path/Frameworks";
				"LD_RUNPATH_SEARCH_PATHS[sdk=macosx*]" = "@executable_path/../Frameworks";
				MACOSX_DEPLOYMENT_TARGET = 14.1;
				MARKETING_VERSION = 1.0;
				PRODUCT_BUNDLE_IDENTIFIER = "challenge.Fetch-IOS";
				PRODUCT_NAME = "$(TARGET_NAME)";
				SDKROOT = auto;
				SUPPORTED_PLATFORMS = "iphoneos iphonesimulator macosx";
				SWIFT_EMIT_LOC_STRINGS = YES;
				SWIFT_VERSION = 5.0;
				TARGETED_DEVICE_FAMILY = "1,2";
			};
			name = Release;
		};
		DDE266822B89665400423E3D /* Debug */ = {
			isa = XCBuildConfiguration;
			buildSettings = {
				ALWAYS_EMBED_SWIFT_STANDARD_LIBRARIES = YES;
				BUNDLE_LOADER = "$(TEST_HOST)";
				CODE_SIGN_STYLE = Automatic;
				CURRENT_PROJECT_VERSION = 1;
				DEVELOPMENT_TEAM = U26YFWH323;
				GENERATE_INFOPLIST_FILE = YES;
				IPHONEOS_DEPLOYMENT_TARGET = 17.2;
				MACOSX_DEPLOYMENT_TARGET = 14.1;
				MARKETING_VERSION = 1.0;
				PRODUCT_BUNDLE_IDENTIFIER = "challenge.Fetch-IOSTests";
				PRODUCT_NAME = "$(TARGET_NAME)";
				SDKROOT = auto;
				SUPPORTED_PLATFORMS = "iphoneos iphonesimulator macosx";
				SWIFT_EMIT_LOC_STRINGS = NO;
				SWIFT_VERSION = 5.0;
				TARGETED_DEVICE_FAMILY = "1,2";
				TEST_HOST = "$(BUILT_PRODUCTS_DIR)/Fetch_IOS.app/$(BUNDLE_EXECUTABLE_FOLDER_PATH)/Fetch_IOS";
			};
			name = Debug;
		};
		DDE266832B89665400423E3D /* Release */ = {
			isa = XCBuildConfiguration;
			buildSettings = {
				ALWAYS_EMBED_SWIFT_STANDARD_LIBRARIES = YES;
				BUNDLE_LOADER = "$(TEST_HOST)";
				CODE_SIGN_STYLE = Automatic;
				CURRENT_PROJECT_VERSION = 1;
				DEVELOPMENT_TEAM = U26YFWH323;
				GENERATE_INFOPLIST_FILE = YES;
				IPHONEOS_DEPLOYMENT_TARGET = 17.2;
				MACOSX_DEPLOYMENT_TARGET = 14.1;
				MARKETING_VERSION = 1.0;
				PRODUCT_BUNDLE_IDENTIFIER = "challenge.Fetch-IOSTests";
				PRODUCT_NAME = "$(TARGET_NAME)";
				SDKROOT = auto;
				SUPPORTED_PLATFORMS = "iphoneos iphonesimulator macosx";
				SWIFT_EMIT_LOC_STRINGS = NO;
				SWIFT_VERSION = 5.0;
				TARGETED_DEVICE_FAMILY = "1,2";
				TEST_HOST = "$(BUILT_PRODUCTS_DIR)/Fetch_IOS.app/$(BUNDLE_EXECUTABLE_FOLDER_PATH)/Fetch_IOS";
			};
			name = Release;
		};
		DDE266852B89665400423E3D /* Debug */ = {
			isa = XCBuildConfiguration;
			buildSettings = {
				ALWAYS_EMBED_SWIFT_STANDARD_LIBRARIES = YES;
				CODE_SIGN_STYLE = Automatic;
				CURRENT_PROJECT_VERSION = 1;
				DEVELOPMENT_TEAM = U26YFWH323;
				GENERATE_INFOPLIST_FILE = YES;
				IPHONEOS_DEPLOYMENT_TARGET = 17.2;
				MACOSX_DEPLOYMENT_TARGET = 14.1;
				MARKETING_VERSION = 1.0;
				PRODUCT_BUNDLE_IDENTIFIER = "challenge.Fetch-IOSUITests";
				PRODUCT_NAME = "$(TARGET_NAME)";
				SDKROOT = auto;
				SUPPORTED_PLATFORMS = "iphoneos iphonesimulator macosx";
				SWIFT_EMIT_LOC_STRINGS = NO;
				SWIFT_VERSION = 5.0;
				TARGETED_DEVICE_FAMILY = "1,2";
				TEST_TARGET_NAME = Fetch_IOS;
			};
			name = Debug;
		};
		DDE266862B89665400423E3D /* Release */ = {
			isa = XCBuildConfiguration;
			buildSettings = {
				ALWAYS_EMBED_SWIFT_STANDARD_LIBRARIES = YES;
				CODE_SIGN_STYLE = Automatic;
				CURRENT_PROJECT_VERSION = 1;
				DEVELOPMENT_TEAM = U26YFWH323;
				GENERATE_INFOPLIST_FILE = YES;
				IPHONEOS_DEPLOYMENT_TARGET = 17.2;
				MACOSX_DEPLOYMENT_TARGET = 14.1;
				MARKETING_VERSION = 1.0;
				PRODUCT_BUNDLE_IDENTIFIER = "challenge.Fetch-IOSUITests";
				PRODUCT_NAME = "$(TARGET_NAME)";
				SDKROOT = auto;
				SUPPORTED_PLATFORMS = "iphoneos iphonesimulator macosx";
				SWIFT_EMIT_LOC_STRINGS = NO;
				SWIFT_VERSION = 5.0;
				TARGETED_DEVICE_FAMILY = "1,2";
				TEST_TARGET_NAME = Fetch_IOS;
			};
			name = Release;
		};
/* End XCBuildConfiguration section */

/* Begin XCConfigurationList section */
		DDE266542B89665300423E3D /* Build configuration list for PBXProject "Fetch_IOS" */ = {
			isa = XCConfigurationList;
			buildConfigurations = (
				DDE2667C2B89665400423E3D /* Debug */,
				DDE2667D2B89665400423E3D /* Release */,
			);
			defaultConfigurationIsVisible = 0;
			defaultConfigurationName = Release;
		};
		DDE2667E2B89665400423E3D /* Build configuration list for PBXNativeTarget "Fetch_IOS" */ = {
			isa = XCConfigurationList;
			buildConfigurations = (
				DDE2667F2B89665400423E3D /* Debug */,
				DDE266802B89665400423E3D /* Release */,
			);
			defaultConfigurationIsVisible = 0;
			defaultConfigurationName = Release;
		};
		DDE266812B89665400423E3D /* Build configuration list for PBXNativeTarget "Fetch_IOSTests" */ = {
			isa = XCConfigurationList;
			buildConfigurations = (
				DDE266822B89665400423E3D /* Debug */,
				DDE266832B89665400423E3D /* Release */,
			);
			defaultConfigurationIsVisible = 0;
			defaultConfigurationName = Release;
		};
		DDE266842B89665400423E3D /* Build configuration list for PBXNativeTarget "Fetch_IOSUITests" */ = {
			isa = XCConfigurationList;
			buildConfigurations = (
				DDE266852B89665400423E3D /* Debug */,
				DDE266862B89665400423E3D /* Release */,
			);
			defaultConfigurationIsVisible = 0;
			defaultConfigurationName = Release;
		};
/* End XCConfigurationList section */

/* Begin XCRemoteSwiftPackageReference section */
		DDE266872B896CED00423E3D /* XCRemoteSwiftPackageReference "swift-async-algorithms" */ = {
			isa = XCRemoteSwiftPackageReference;
			repositoryURL = "https://github.com/apple/swift-async-algorithms.git";
			requirement = {
				kind = upToNextMajorVersion;
				minimumVersion = 1.0.0;
			};
		};
/* End XCRemoteSwiftPackageReference section */

/* Begin XCSwiftPackageProductDependency section */
		DDE266882B896CED00423E3D /* AsyncAlgorithms */ = {
			isa = XCSwiftPackageProductDependency;
			package = DDE266872B896CED00423E3D /* XCRemoteSwiftPackageReference "swift-async-algorithms" */;
			productName = AsyncAlgorithms;
		};
/* End XCSwiftPackageProductDependency section */
	};
	rootObject = DDE266512B89665300423E3D /* Project object */;
}
